// !$*UTF8*$!
{
	archiveVersion = 1;
	classes = {
	};
	objectVersion = 56;
	objects = {

/* Begin PBXBuildFile section */
		440BDDC52ABB310500F2AA58 /* TutorialiOS17_ObservationAPIApp.swift in Sources */ = {isa = PBXBuildFile; fileRef = 440BDDC42ABB310500F2AA58 /* TutorialiOS17_ObservationAPIApp.swift */; };
		440BDDC72ABB310500F2AA58 /* ContentView.swift in Sources */ = {isa = PBXBuildFile; fileRef = 440BDDC62ABB310500F2AA58 /* ContentView.swift */; };
		440BDDC92ABB310600F2AA58 /* Assets.xcassets in Resources */ = {isa = PBXBuildFile; fileRef = 440BDDC82ABB310600F2AA58 /* Assets.xcassets */; };
		440BDDCC2ABB310600F2AA58 /* Preview Assets.xcassets in Resources */ = {isa = PBXBuildFile; fileRef = 440BDDCB2ABB310600F2AA58 /* Preview Assets.xcassets */; };
		441E716C2ABB8FA40051F4D4 /* Employees.swift in Sources */ = {isa = PBXBuildFile; fileRef = 441E716B2ABB8FA40051F4D4 /* Employees.swift */; };
		441E716E2ABB90A60051F4D4 /* Gender.swift in Sources */ = {isa = PBXBuildFile; fileRef = 441E716D2ABB90A60051F4D4 /* Gender.swift */; };
		441E71702ABB91520051F4D4 /* Department.swift in Sources */ = {isa = PBXBuildFile; fileRef = 441E716F2ABB91520051F4D4 /* Department.swift */; };
		441E71722ABB92C10051F4D4 /* EmployeesDemo.json in Resources */ = {isa = PBXBuildFile; fileRef = 441E71712ABB92C00051F4D4 /* EmployeesDemo.json */; };
		441E71742ABB92CD0051F4D4 /* EmployeesData.json in Resources */ = {isa = PBXBuildFile; fileRef = 441E71732ABB92CD0051F4D4 /* EmployeesData.json */; };
		441E71762ABB952E0051F4D4 /* PersistenceInteractor.swift in Sources */ = {isa = PBXBuildFile; fileRef = 441E71752ABB952E0051F4D4 /* PersistenceInteractor.swift */; };
		441E71782ABB9ED30051F4D4 /* PersistencePreview.swift in Sources */ = {isa = PBXBuildFile; fileRef = 441E71772ABB9ED30051F4D4 /* PersistencePreview.swift */; };
		441E717A2ABBA3A80051F4D4 /* EmployeesLogic.swift in Sources */ = {isa = PBXBuildFile; fileRef = 441E71792ABBA3A80051F4D4 /* EmployeesLogic.swift */; };
		441E717C2ABBA9710051F4D4 /* GestionViewModel.swift in Sources */ = {isa = PBXBuildFile; fileRef = 441E717B2ABBA9710051F4D4 /* GestionViewModel.swift */; };
		44E96A032ABC7B6900B464FE /* EmployeeCell.swift in Sources */ = {isa = PBXBuildFile; fileRef = 44E96A022ABC7B6900B464FE /* EmployeeCell.swift */; };
		44E96A052ABC83E900B464FE /* DetailEmployee.swift in Sources */ = {isa = PBXBuildFile; fileRef = 44E96A042ABC83E900B464FE /* DetailEmployee.swift */; };
/* End PBXBuildFile section */

/* Begin PBXFileReference section */
		440BDDC12ABB310500F2AA58 /* TutorialiOS17_ObservationAPI.app */ = {isa = PBXFileReference; explicitFileType = wrapper.application; includeInIndex = 0; path = TutorialiOS17_ObservationAPI.app; sourceTree = BUILT_PRODUCTS_DIR; };
		440BDDC42ABB310500F2AA58 /* TutorialiOS17_ObservationAPIApp.swift */ = {isa = PBXFileReference; lastKnownFileType = sourcecode.swift; path = TutorialiOS17_ObservationAPIApp.swift; sourceTree = "<group>"; };
		440BDDC62ABB310500F2AA58 /* ContentView.swift */ = {isa = PBXFileReference; lastKnownFileType = sourcecode.swift; path = ContentView.swift; sourceTree = "<group>"; };
		440BDDC82ABB310600F2AA58 /* Assets.xcassets */ = {isa = PBXFileReference; lastKnownFileType = folder.assetcatalog; path = Assets.xcassets; sourceTree = "<group>"; };
		440BDDCB2ABB310600F2AA58 /* Preview Assets.xcassets */ = {isa = PBXFileReference; lastKnownFileType = folder.assetcatalog; path = "Preview Assets.xcassets"; sourceTree = "<group>"; };
		441E716B2ABB8FA40051F4D4 /* Employees.swift */ = {isa = PBXFileReference; lastKnownFileType = sourcecode.swift; path = Employees.swift; sourceTree = "<group>"; };
		441E716D2ABB90A60051F4D4 /* Gender.swift */ = {isa = PBXFileReference; lastKnownFileType = sourcecode.swift; path = Gender.swift; sourceTree = "<group>"; };
		441E716F2ABB91520051F4D4 /* Department.swift */ = {isa = PBXFileReference; lastKnownFileType = sourcecode.swift; path = Department.swift; sourceTree = "<group>"; };
		441E71712ABB92C00051F4D4 /* EmployeesDemo.json */ = {isa = PBXFileReference; fileEncoding = 4; lastKnownFileType = text.json; path = EmployeesDemo.json; sourceTree = "<group>"; };
		441E71732ABB92CD0051F4D4 /* EmployeesData.json */ = {isa = PBXFileReference; fileEncoding = 4; lastKnownFileType = text.json; path = EmployeesData.json; sourceTree = "<group>"; };
		441E71752ABB952E0051F4D4 /* PersistenceInteractor.swift */ = {isa = PBXFileReference; lastKnownFileType = sourcecode.swift; path = PersistenceInteractor.swift; sourceTree = "<group>"; };
		441E71772ABB9ED30051F4D4 /* PersistencePreview.swift */ = {isa = PBXFileReference; lastKnownFileType = sourcecode.swift; path = PersistencePreview.swift; sourceTree = "<group>"; };
		441E71792ABBA3A80051F4D4 /* EmployeesLogic.swift */ = {isa = PBXFileReference; lastKnownFileType = sourcecode.swift; path = EmployeesLogic.swift; sourceTree = "<group>"; };
		441E717B2ABBA9710051F4D4 /* GestionViewModel.swift */ = {isa = PBXFileReference; lastKnownFileType = sourcecode.swift; path = GestionViewModel.swift; sourceTree = "<group>"; };
		44E96A022ABC7B6900B464FE /* EmployeeCell.swift */ = {isa = PBXFileReference; lastKnownFileType = sourcecode.swift; path = EmployeeCell.swift; sourceTree = "<group>"; };
		44E96A042ABC83E900B464FE /* DetailEmployee.swift */ = {isa = PBXFileReference; lastKnownFileType = sourcecode.swift; path = DetailEmployee.swift; sourceTree = "<group>"; };
/* End PBXFileReference section */

/* Begin PBXFrameworksBuildPhase section */
		440BDDBE2ABB310500F2AA58 /* Frameworks */ = {
			isa = PBXFrameworksBuildPhase;
			buildActionMask = 2147483647;
			files = (
			);
			runOnlyForDeploymentPostprocessing = 0;
		};
/* End PBXFrameworksBuildPhase section */

/* Begin PBXGroup section */
		440BDDB82ABB310500F2AA58 = {
			isa = PBXGroup;
			children = (
				440BDDC32ABB310500F2AA58 /* TutorialiOS17_ObservationAPI */,
				440BDDC22ABB310500F2AA58 /* Products */,
			);
			sourceTree = "<group>";
		};
		440BDDC22ABB310500F2AA58 /* Products */ = {
			isa = PBXGroup;
			children = (
				440BDDC12ABB310500F2AA58 /* TutorialiOS17_ObservationAPI.app */,
			);
			name = Products;
			sourceTree = "<group>";
		};
		440BDDC32ABB310500F2AA58 /* TutorialiOS17_ObservationAPI */ = {
			isa = PBXGroup;
			children = (
				440BDDC42ABB310500F2AA58 /* TutorialiOS17_ObservationAPIApp.swift */,
				441E716A2ABB8F5C0051F4D4 /* Views */,
				441E71692ABB8F1B0051F4D4 /* ViewModel */,
				441E71682ABB8EB40051F4D4 /* ModelLogic */,
				441E71672ABB8E550051F4D4 /* Interactor */,
				440BDDD22ABB32B700F2AA58 /* Model */,
				440BDDD32ABB32D300F2AA58 /* Resources */,
				440BDDCA2ABB310600F2AA58 /* Preview Content */,
			);
			path = TutorialiOS17_ObservationAPI;
			sourceTree = "<group>";
		};
		440BDDCA2ABB310600F2AA58 /* Preview Content */ = {
			isa = PBXGroup;
			children = (
				441E71712ABB92C00051F4D4 /* EmployeesDemo.json */,
				441E71772ABB9ED30051F4D4 /* PersistencePreview.swift */,
				440BDDCB2ABB310600F2AA58 /* Preview Assets.xcassets */,
			);
			path = "Preview Content";
			sourceTree = "<group>";
		};
		440BDDD22ABB32B700F2AA58 /* Model */ = {
			isa = PBXGroup;
			children = (
				441E716B2ABB8FA40051F4D4 /* Employees.swift */,
				441E716D2ABB90A60051F4D4 /* Gender.swift */,
				441E716F2ABB91520051F4D4 /* Department.swift */,
			);
			name = Model;
			sourceTree = "<group>";
		};
		440BDDD32ABB32D300F2AA58 /* Resources */ = {
			isa = PBXGroup;
			children = (
				441E71732ABB92CD0051F4D4 /* EmployeesData.json */,
				440BDDC82ABB310600F2AA58 /* Assets.xcassets */,
			);
			name = Resources;
			sourceTree = "<group>";
		};
		441E71672ABB8E550051F4D4 /* Interactor */ = {
			isa = PBXGroup;
			children = (
				441E71752ABB952E0051F4D4 /* PersistenceInteractor.swift */,
			);
			name = Interactor;
			sourceTree = "<group>";
		};
		441E71682ABB8EB40051F4D4 /* ModelLogic */ = {
			isa = PBXGroup;
			children = (
				441E71792ABBA3A80051F4D4 /* EmployeesLogic.swift */,
			);
			name = ModelLogic;
			sourceTree = "<group>";
		};
		441E71692ABB8F1B0051F4D4 /* ViewModel */ = {
			isa = PBXGroup;
			children = (
				441E717B2ABBA9710051F4D4 /* GestionViewModel.swift */,
			);
			name = ViewModel;
			sourceTree = "<group>";
		};
		441E716A2ABB8F5C0051F4D4 /* Views */ = {
			isa = PBXGroup;
			children = (
				440BDDC62ABB310500F2AA58 /* ContentView.swift */,
				44E96A022ABC7B6900B464FE /* EmployeeCell.swift */,
				44E96A042ABC83E900B464FE /* DetailEmployee.swift */,
			);
			name = Views;
			sourceTree = "<group>";
		};
/* End PBXGroup section */

/* Begin PBXNativeTarget section */
		440BDDC02ABB310500F2AA58 /* TutorialiOS17_ObservationAPI */ = {
			isa = PBXNativeTarget;
			buildConfigurationList = 440BDDCF2ABB310600F2AA58 /* Build configuration list for PBXNativeTarget "TutorialiOS17_ObservationAPI" */;
			buildPhases = (
				440BDDBD2ABB310500F2AA58 /* Sources */,
				440BDDBE2ABB310500F2AA58 /* Frameworks */,
				440BDDBF2ABB310500F2AA58 /* Resources */,
			);
			buildRules = (
			);
			dependencies = (
			);
			name = TutorialiOS17_ObservationAPI;
			productName = TutorialiOS17_ObservationAPI;
			productReference = 440BDDC12ABB310500F2AA58 /* TutorialiOS17_ObservationAPI.app */;
			productType = "com.apple.product-type.application";
		};
/* End PBXNativeTarget section */

/* Begin PBXProject section */
		440BDDB92ABB310500F2AA58 /* Project object */ = {
			isa = PBXProject;
			attributes = {
				BuildIndependentTargetsInParallel = 1;
				LastSwiftUpdateCheck = 1500;
				LastUpgradeCheck = 1500;
				TargetAttributes = {
					440BDDC02ABB310500F2AA58 = {
						CreatedOnToolsVersion = 15.0;
					};
				};
			};
			buildConfigurationList = 440BDDBC2ABB310500F2AA58 /* Build configuration list for PBXProject "TutorialiOS17_ObservationAPI" */;
			compatibilityVersion = "Xcode 14.0";
			developmentRegion = en;
			hasScannedForEncodings = 0;
			knownRegions = (
				en,
				Base,
			);
			mainGroup = 440BDDB82ABB310500F2AA58;
			productRefGroup = 440BDDC22ABB310500F2AA58 /* Products */;
			projectDirPath = "";
			projectRoot = "";
			targets = (
				440BDDC02ABB310500F2AA58 /* TutorialiOS17_ObservationAPI */,
			);
		};
/* End PBXProject section */

/* Begin PBXResourcesBuildPhase section */
		440BDDBF2ABB310500F2AA58 /* Resources */ = {
			isa = PBXResourcesBuildPhase;
			buildActionMask = 2147483647;
			files = (
				440BDDCC2ABB310600F2AA58 /* Preview Assets.xcassets in Resources */,
				441E71742ABB92CD0051F4D4 /* EmployeesData.json in Resources */,
				440BDDC92ABB310600F2AA58 /* Assets.xcassets in Resources */,
				441E71722ABB92C10051F4D4 /* EmployeesDemo.json in Resources */,
			);
			runOnlyForDeploymentPostprocessing = 0;
		};
/* End PBXResourcesBuildPhase section */

/* Begin PBXSourcesBuildPhase section */
		440BDDBD2ABB310500F2AA58 /* Sources */ = {
			isa = PBXSourcesBuildPhase;
			buildActionMask = 2147483647;
			files = (
				441E717A2ABBA3A80051F4D4 /* EmployeesLogic.swift in Sources */,
				441E717C2ABBA9710051F4D4 /* GestionViewModel.swift in Sources */,
				441E716E2ABB90A60051F4D4 /* Gender.swift in Sources */,
				440BDDC72ABB310500F2AA58 /* ContentView.swift in Sources */,
				441E71702ABB91520051F4D4 /* Department.swift in Sources */,
				441E716C2ABB8FA40051F4D4 /* Employees.swift in Sources */,
				440BDDC52ABB310500F2AA58 /* TutorialiOS17_ObservationAPIApp.swift in Sources */,
				441E71762ABB952E0051F4D4 /* PersistenceInteractor.swift in Sources */,
				441E71782ABB9ED30051F4D4 /* PersistencePreview.swift in Sources */,
				44E96A032ABC7B6900B464FE /* EmployeeCell.swift in Sources */,
				44E96A052ABC83E900B464FE /* DetailEmployee.swift in Sources */,
			);
			runOnlyForDeploymentPostprocessing = 0;
		};
/* End PBXSourcesBuildPhase section */

/* Begin XCBuildConfiguration section */
		440BDDCD2ABB310600F2AA58 /* Debug */ = {
			isa = XCBuildConfiguration;
			buildSettings = {
				ALWAYS_SEARCH_USER_PATHS = NO;
				ASSETCATALOG_COMPILER_GENERATE_SWIFT_ASSET_SYMBOL_EXTENSIONS = YES;
				CLANG_ANALYZER_NONNULL = YES;
				CLANG_ANALYZER_NUMBER_OBJECT_CONVERSION = YES_AGGRESSIVE;
				CLANG_CXX_LANGUAGE_STANDARD = "gnu++20";
				CLANG_ENABLE_MODULES = YES;
				CLANG_ENABLE_OBJC_ARC = YES;
				CLANG_ENABLE_OBJC_WEAK = YES;
				CLANG_WARN_BLOCK_CAPTURE_AUTORELEASING = YES;
				CLANG_WARN_BOOL_CONVERSION = YES;
				CLANG_WARN_COMMA = YES;
				CLANG_WARN_CONSTANT_CONVERSION = YES;
				CLANG_WARN_DEPRECATED_OBJC_IMPLEMENTATIONS = YES;
				CLANG_WARN_DIRECT_OBJC_ISA_USAGE = YES_ERROR;
				CLANG_WARN_DOCUMENTATION_COMMENTS = YES;
				CLANG_WARN_EMPTY_BODY = YES;
				CLANG_WARN_ENUM_CONVERSION = YES;
				CLANG_WARN_INFINITE_RECURSION = YES;
				CLANG_WARN_INT_CONVERSION = YES;
				CLANG_WARN_NON_LITERAL_NULL_CONVERSION = YES;
				CLANG_WARN_OBJC_IMPLICIT_RETAIN_SELF = YES;
				CLANG_WARN_OBJC_LITERAL_CONVERSION = YES;
				CLANG_WARN_OBJC_ROOT_CLASS = YES_ERROR;
				CLANG_WARN_QUOTED_INCLUDE_IN_FRAMEWORK_HEADER = YES;
				CLANG_WARN_RANGE_LOOP_ANALYSIS = YES;
				CLANG_WARN_STRICT_PROTOTYPES = YES;
				CLANG_WARN_SUSPICIOUS_MOVE = YES;
				CLANG_WARN_UNGUARDED_AVAILABILITY = YES_AGGRESSIVE;
				CLANG_WARN_UNREACHABLE_CODE = YES;
				CLANG_WARN__DUPLICATE_METHOD_MATCH = YES;
				COPY_PHASE_STRIP = NO;
				DEBUG_INFORMATION_FORMAT = dwarf;
				ENABLE_STRICT_OBJC_MSGSEND = YES;
				ENABLE_TESTABILITY = YES;
				ENABLE_USER_SCRIPT_SANDBOXING = YES;
				GCC_C_LANGUAGE_STANDARD = gnu17;
				GCC_DYNAMIC_NO_PIC = NO;
				GCC_NO_COMMON_BLOCKS = YES;
				GCC_OPTIMIZATION_LEVEL = 0;
				GCC_PREPROCESSOR_DEFINITIONS = (
					"DEBUG=1",
					"$(inherited)",
				);
				GCC_WARN_64_TO_32_BIT_CONVERSION = YES;
				GCC_WARN_ABOUT_RETURN_TYPE = YES_ERROR;
				GCC_WARN_UNDECLARED_SELECTOR = YES;
				GCC_WARN_UNINITIALIZED_AUTOS = YES_AGGRESSIVE;
				GCC_WARN_UNUSED_FUNCTION = YES;
				GCC_WARN_UNUSED_VARIABLE = YES;
				IPHONEOS_DEPLOYMENT_TARGET = 17.0;
				LOCALIZATION_PREFERS_STRING_CATALOGS = YES;
				MTL_ENABLE_DEBUG_INFO = INCLUDE_SOURCE;
				MTL_FAST_MATH = YES;
				ONLY_ACTIVE_ARCH = YES;
				SDKROOT = iphoneos;
				SWIFT_ACTIVE_COMPILATION_CONDITIONS = "DEBUG $(inherited)";
				SWIFT_OPTIMIZATION_LEVEL = "-Onone";
			};
			name = Debug;
		};
		440BDDCE2ABB310600F2AA58 /* Release */ = {
			isa = XCBuildConfiguration;
			buildSettings = {
				ALWAYS_SEARCH_USER_PATHS = NO;
				ASSETCATALOG_COMPILER_GENERATE_SWIFT_ASSET_SYMBOL_EXTENSIONS = YES;
				CLANG_ANALYZER_NONNULL = YES;
				CLANG_ANALYZER_NUMBER_OBJECT_CONVERSION = YES_AGGRESSIVE;
				CLANG_CXX_LANGUAGE_STANDARD = "gnu++20";
				CLANG_ENABLE_MODULES = YES;
				CLANG_ENABLE_OBJC_ARC = YES;
				CLANG_ENABLE_OBJC_WEAK = YES;
				CLANG_WARN_BLOCK_CAPTURE_AUTORELEASING = YES;
				CLANG_WARN_BOOL_CONVERSION = YES;
				CLANG_WARN_COMMA = YES;
				CLANG_WARN_CONSTANT_CONVERSION = YES;
				CLANG_WARN_DEPRECATED_OBJC_IMPLEMENTATIONS = YES;
				CLANG_WARN_DIRECT_OBJC_ISA_USAGE = YES_ERROR;
				CLANG_WARN_DOCUMENTATION_COMMENTS = YES;
				CLANG_WARN_EMPTY_BODY = YES;
				CLANG_WARN_ENUM_CONVERSION = YES;
				CLANG_WARN_INFINITE_RECURSION = YES;
				CLANG_WARN_INT_CONVERSION = YES;
				CLANG_WARN_NON_LITERAL_NULL_CONVERSION = YES;
				CLANG_WARN_OBJC_IMPLICIT_RETAIN_SELF = YES;
				CLANG_WARN_OBJC_LITERAL_CONVERSION = YES;
				CLANG_WARN_OBJC_ROOT_CLASS = YES_ERROR;
				CLANG_WARN_QUOTED_INCLUDE_IN_FRAMEWORK_HEADER = YES;
				CLANG_WARN_RANGE_LOOP_ANALYSIS = YES;
				CLANG_WARN_STRICT_PROTOTYPES = YES;
				CLANG_WARN_SUSPICIOUS_MOVE = YES;
				CLANG_WARN_UNGUARDED_AVAILABILITY = YES_AGGRESSIVE;
				CLANG_WARN_UNREACHABLE_CODE = YES;
				CLANG_WARN__DUPLICATE_METHOD_MATCH = YES;
				COPY_PHASE_STRIP = NO;
				DEBUG_INFORMATION_FORMAT = "dwarf-with-dsym";
				ENABLE_NS_ASSERTIONS = NO;
				ENABLE_STRICT_OBJC_MSGSEND = YES;
				ENABLE_USER_SCRIPT_SANDBOXING = YES;
				GCC_C_LANGUAGE_STANDARD = gnu17;
				GCC_NO_COMMON_BLOCKS = YES;
				GCC_WARN_64_TO_32_BIT_CONVERSION = YES;
				GCC_WARN_ABOUT_RETURN_TYPE = YES_ERROR;
				GCC_WARN_UNDECLARED_SELECTOR = YES;
				GCC_WARN_UNINITIALIZED_AUTOS = YES_AGGRESSIVE;
				GCC_WARN_UNUSED_FUNCTION = YES;
				GCC_WARN_UNUSED_VARIABLE = YES;
				IPHONEOS_DEPLOYMENT_TARGET = 17.0;
				LOCALIZATION_PREFERS_STRING_CATALOGS = YES;
				MTL_ENABLE_DEBUG_INFO = NO;
				MTL_FAST_MATH = YES;
				SDKROOT = iphoneos;
				SWIFT_COMPILATION_MODE = wholemodule;
				VALIDATE_PRODUCT = YES;
			};
			name = Release;
		};
		440BDDD02ABB310600F2AA58 /* Debug */ = {
			isa = XCBuildConfiguration;
			buildSettings = {
				ASSETCATALOG_COMPILER_APPICON_NAME = AppIcon;
				ASSETCATALOG_COMPILER_GLOBAL_ACCENT_COLOR_NAME = AccentColor;
				CODE_SIGN_STYLE = Automatic;
				CURRENT_PROJECT_VERSION = 1;
				DEVELOPMENT_ASSET_PATHS = "\"TutorialiOS17_ObservationAPI/Preview Content\"";
				ENABLE_PREVIEWS = YES;
				GENERATE_INFOPLIST_FILE = YES;
				INFOPLIST_KEY_UIApplicationSceneManifest_Generation = YES;
				INFOPLIST_KEY_UIApplicationSupportsIndirectInputEvents = YES;
				INFOPLIST_KEY_UILaunchScreen_Generation = YES;
				INFOPLIST_KEY_UISupportedInterfaceOrientations_iPad = "UIInterfaceOrientationPortrait UIInterfaceOrientationPortraitUpsideDown UIInterfaceOrientationLandscapeLeft UIInterfaceOrientationLandscapeRight";
				INFOPLIST_KEY_UISupportedInterfaceOrientations_iPhone = "UIInterfaceOrientationPortrait UIInterfaceOrientationLandscapeLeft UIInterfaceOrientationLandscapeRight";
				LD_RUNPATH_SEARCH_PATHS = (
					"$(inherited)",
					"@executable_path/Frameworks",
				);
				MARKETING_VERSION = 1.0;
				PRODUCT_BUNDLE_IDENTIFIER = "com.JRG79.TutorialiOS17-ObservationAPI";
				PRODUCT_NAME = "$(TARGET_NAME)";
				SUPPORTED_PLATFORMS = "iphoneos iphonesimulator";
				SUPPORTS_MACCATALYST = NO;
				SUPPORTS_MAC_DESIGNED_FOR_IPHONE_IPAD = NO;
				SWIFT_EMIT_LOC_STRINGS = YES;
				SWIFT_VERSION = 5.0;
				TARGETED_DEVICE_FAMILY = 1;
			};
			name = Debug;
		};
		440BDDD12ABB310600F2AA58 /* Release */ = {
			isa = XCBuildConfiguration;
			buildSettings = {
				ASSETCATALOG_COMPILER_APPICON_NAME = AppIcon;
				ASSETCATALOG_COMPILER_GLOBAL_ACCENT_COLOR_NAME = AccentColor;
				CODE_SIGN_STYLE = Automatic;
				CURRENT_PROJECT_VERSION = 1;
				DEVELOPMENT_ASSET_PATHS = "\"TutorialiOS17_ObservationAPI/Preview Content\"";
				ENABLE_PREVIEWS = YES;
				GENERATE_INFOPLIST_FILE = YES;
				INFOPLIST_KEY_UIApplicationSceneManifest_Generation = YES;
				INFOPLIST_KEY_UIApplicationSupportsIndirectInputEvents = YES;
				INFOPLIST_KEY_UILaunchScreen_Generation = YES;
				INFOPLIST_KEY_UISupportedInterfaceOrientations_iPad = "UIInterfaceOrientationPortrait UIInterfaceOrientationPortraitUpsideDown UIInterfaceOrientationLandscapeLeft UIInterfaceOrientationLandscapeRight";
				INFOPLIST_KEY_UISupportedInterfaceOrientations_iPhone = "UIInterfaceOrientationPortrait UIInterfaceOrientationLandscapeLeft UIInterfaceOrientationLandscapeRight";
				LD_RUNPATH_SEARCH_PATHS = (
					"$(inherited)",
					"@executable_path/Frameworks",
				);
				MARKETING_VERSION = 1.0;
				PRODUCT_BUNDLE_IDENTIFIER = "com.JRG79.TutorialiOS17-ObservationAPI";
				PRODUCT_NAME = "$(TARGET_NAME)";
				SUPPORTED_PLATFORMS = "iphoneos iphonesimulator";
				SUPPORTS_MACCATALYST = NO;
				SUPPORTS_MAC_DESIGNED_FOR_IPHONE_IPAD = NO;
				SWIFT_EMIT_LOC_STRINGS = YES;
				SWIFT_VERSION = 5.0;
				TARGETED_DEVICE_FAMILY = 1;
			};
			name = Release;
		};
/* End XCBuildConfiguration section */

/* Begin XCConfigurationList section */
		440BDDBC2ABB310500F2AA58 /* Build configuration list for PBXProject "TutorialiOS17_ObservationAPI" */ = {
			isa = XCConfigurationList;
			buildConfigurations = (
				440BDDCD2ABB310600F2AA58 /* Debug */,
				440BDDCE2ABB310600F2AA58 /* Release */,
			);
			defaultConfigurationIsVisible = 0;
			defaultConfigurationName = Release;
		};
		440BDDCF2ABB310600F2AA58 /* Build configuration list for PBXNativeTarget "TutorialiOS17_ObservationAPI" */ = {
			isa = XCConfigurationList;
			buildConfigurations = (
				440BDDD02ABB310600F2AA58 /* Debug */,
				440BDDD12ABB310600F2AA58 /* Release */,
			);
			defaultConfigurationIsVisible = 0;
			defaultConfigurationName = Release;
		};
/* End XCConfigurationList section */
	};
	rootObject = 440BDDB92ABB310500F2AA58 /* Project object */;
}
